{
  "lockfileVersion": 1,
  "workspaces": {
    "": {
      "name": "etl-coding-assignment",
      "dependencies": {
        "detect-file-encoding-and-language": "^2.4.0",
        "moment": "2.30.1",
        "typescript": "^5.8.2",
      },
      "devDependencies": {
        "@types/node": "^20.14.10",
      },
    },
  },
  "packages": {
    "@types/node": ["@types/node@20.17.30", "", { "dependencies": { "undici-types": "~6.19.2" } }, "sha512-7zf4YyHA+jvBNfVrk2Gtvs6x7E8V+YDW05bNfG2XkWDJfYRXrTiP/DsB2zSYTaHX0bGIujTBQdMVAhb+j7mwpg=="],

    "detect-file-encoding-and-language": ["detect-file-encoding-and-language@2.4.0", "", { "bin": { "dfeal": "bin/cli.js" } }, "sha512-moFSAumrGlLCNU5jnaHyCzRUJJu0BCZunfL08iMbnDAgvNnxZad7+WZ26U2dsrIbGChlDPLKmEyEb2tEPUJFkw=="],

    "moment": ["moment@2.30.1", "", {}, "sha512-uEmtNhbDOrWPFS+hdjFCBfy9f2YoyzRpwcl+DqpC6taX21FzsTLQVbMV/W7PzNSX6x/bhC1zA3c2UQ5NzH6how=="],

    "typescript": ["typescript@5.8.2", "", { "bin": { "tsc": "bin/tsc", "tsserver": "bin/tsserver" } }, "sha512-aJn6wq13/afZp/jT9QZmwEjDqqvSGp1VT5GVg+f/t6/oVyrgXM6BY1h9BRh/O5p3PlUPAe+WuiEZOmb/49RqoQ=="],

    "undici-types": ["undici-types@6.19.8", "", {}, "sha512-ve2KP6f/JnbPBFyobGHuerC9g1FYGn/F8n1LWTwNxCEzd6IfqTwUQcNXgEtmmQ6DlRrC1hrSrBnCZPokRrDHjw=="],
  }
}
